
Microsoft Visual Studio Solution File, Format Version 12.00
# Visual Studio Version 16
VisualStudioVersion = 16.0.30413.136
MinimumVisualStudioVersion = 10.0.40219.1
Project("{FAE04EC0-301F-11D3-BF4B-00C04F79EFBC}") = "Financials", "Financials\Financials.csproj", "{C91945BF-F6AC-4140-A091-DD07C42914BC}"
EndProject
Project("{FAE04EC0-301F-11D3-BF4B-00C04F79EFBC}") = "Financials.Data", "Financials.Data\Financials.Data.csproj", "{8E773A13-70C6-48D7-8EAE-F1737EAD60B8}"
EndProject
Global
	GlobalSection(SolutionConfigurationPlatforms) = preSolution
		Debug|Any CPU = Debug|Any CPU
		Release|Any CPU = Release|Any CPU
	EndGlobalSection
	GlobalSection(ProjectConfigurationPlatforms) = postSolution
		{C91945BF-F6AC-4140-A091-DD07C42914BC}.Debug|Any CPU.ActiveCfg = Debug|Any CPU
		{C91945BF-F6AC-4140-A091-DD07C42914BC}.Debug|Any CPU.Build.0 = Debug|Any CPU
		{C91945BF-F6AC-4140-A091-DD07C42914BC}.Release|Any CPU.ActiveCfg = Release|Any CPU
		{C91945BF-F6AC-4140-A091-DD07C42914BC}.Release|Any CPU.Build.0 = Release|Any CPU
		{8E773A13-70C6-48D7-8EAE-F1737EAD60B8}.Debug|Any CPU.ActiveCfg = Debug|Any CPU
		{8E773A13-70C6-48D7-8EAE-F1737EAD60B8}.Debug|Any CPU.Build.0 = Debug|Any CPU
		{8E773A13-70C6-48D7-8EAE-F1737EAD60B8}.Release|Any CPU.ActiveCfg = Release|Any CPU
		{8E773A13-70C6-48D7-8EAE-F1737EAD60B8}.Release|Any CPU.Build.0 = Release|Any CPU
	EndGlobalSection
	GlobalSection(SolutionProperties) = preSolution
		HideSolutionNode = FALSE
	EndGlobalSection
	GlobalSection(ExtensibilityGlobals) = postSolution
		SolutionGuid = {0714F612-E7AD-471F-A839-C922A65629F8}
	EndGlobalSection
EndGlobal
